
Microsoft Visual Studio Solution File, Format Version 12.00
# Visual Studio Version 16
VisualStudioVersion = 16.0.31019.35
MinimumVisualStudioVersion = 10.0.40219.1
Project("{9A19103F-16F7-4668-BE54-9A1E7A4F7556}") = "week01_calculator_console", "week01_calculator_console\week01_calculator_console.csproj", "{A31FB35E-48A9-4272-9E82-337B40BE7A54}"
EndProject
Project("{FAE04EC0-301F-11D3-BF4B-00C04F79EFBC}") = "week01_calculator_windows", "week01_calculator_windows\week01_calculator_windows.csproj", "{73FC478E-B0D0-417A-8163-FFC55F3784C0}"
EndProject
Global
	GlobalSection(SolutionConfigurationPlatforms) = preSolution
		Debug|Any CPU = Debug|Any CPU
		Release|Any CPU = Release|Any CPU
	EndGlobalSection
	GlobalSection(ProjectConfigurationPlatforms) = postSolution
		{A31FB35E-48A9-4272-9E82-337B40BE7A54}.Debug|Any CPU.ActiveCfg = Debug|Any CPU
		{A31FB35E-48A9-4272-9E82-337B40BE7A54}.Debug|Any CPU.Build.0 = Debug|Any CPU
		{A31FB35E-48A9-4272-9E82-337B40BE7A54}.Release|Any CPU.ActiveCfg = Release|Any CPU
		{A31FB35E-48A9-4272-9E82-337B40BE7A54}.Release|Any CPU.Build.0 = Release|Any CPU
		{73FC478E-B0D0-417A-8163-FFC55F3784C0}.Debug|Any CPU.ActiveCfg = Debug|Any CPU
		{73FC478E-B0D0-417A-8163-FFC55F3784C0}.Debug|Any CPU.Build.0 = Debug|Any CPU
		{73FC478E-B0D0-417A-8163-FFC55F3784C0}.Release|Any CPU.ActiveCfg = Release|Any CPU
		{73FC478E-B0D0-417A-8163-FFC55F3784C0}.Release|Any CPU.Build.0 = Release|Any CPU
	EndGlobalSection
	GlobalSection(SolutionProperties) = preSolution
		HideSolutionNode = FALSE
	EndGlobalSection
	GlobalSection(ExtensibilityGlobals) = postSolution
		SolutionGuid = {2AA8742D-75C8-4363-88D4-6228A2FF6546}
	EndGlobalSection
EndGlobal
