
Microsoft Visual Studio Solution File, Format Version 12.00
# Visual Studio Version 16
VisualStudioVersion = 16.0.31019.35
MinimumVisualStudioVersion = 10.0.40219.1
Project("{FAE04EC0-301F-11D3-BF4B-00C04F79EFBC}") = "week05", "week05\week05.csproj", "{FC5978D6-AD71-4449-8D98-1D79288FB6F0}"
EndProject
Global
	GlobalSection(SolutionConfigurationPlatforms) = preSolution
		Debug|Any CPU = Debug|Any CPU
		Release|Any CPU = Release|Any CPU
	EndGlobalSection
	GlobalSection(ProjectConfigurationPlatforms) = postSolution
		{FC5978D6-AD71-4449-8D98-1D79288FB6F0}.Debug|Any CPU.ActiveCfg = Debug|Any CPU
		{FC5978D6-AD71-4449-8D98-1D79288FB6F0}.Debug|Any CPU.Build.0 = Debug|Any CPU
		{FC5978D6-AD71-4449-8D98-1D79288FB6F0}.Release|Any CPU.ActiveCfg = Release|Any CPU
		{FC5978D6-AD71-4449-8D98-1D79288FB6F0}.Release|Any CPU.Build.0 = Release|Any CPU
	EndGlobalSection
	GlobalSection(SolutionProperties) = preSolution
		HideSolutionNode = FALSE
	EndGlobalSection
	GlobalSection(ExtensibilityGlobals) = postSolution
		SolutionGuid = {EF222720-4741-4DB8-B5F9-1753ED69662D}
	EndGlobalSection
EndGlobal
