
Microsoft Visual Studio Solution File, Format Version 12.00
# Visual Studio Version 16
VisualStudioVersion = 16.0.31019.35
MinimumVisualStudioVersion = 10.0.40219.1
Project("{9A19103F-16F7-4668-BE54-9A1E7A4F7556}") = "int_array", "int_array\int_array.csproj", "{3E0AF5E3-45B0-4867-8B42-2CCE476303D7}"
EndProject
Project("{9A19103F-16F7-4668-BE54-9A1E7A4F7556}") = "find_prime_num", "find_prime_num\find_prime_num.csproj", "{3BD09CAF-E149-4803-9B37-822FFFCE075E}"
EndProject
Project("{9A19103F-16F7-4668-BE54-9A1E7A4F7556}") = "Topritz_matrix", "Topritz_matrix\Topritz_matrix.csproj", "{C2ADD290-7F8F-443A-82BA-351D6EB63A6C}"
EndProject
Project("{9A19103F-16F7-4668-BE54-9A1E7A4F7556}") = "primefactor", "prime_factor\primefactor.csproj", "{E8A2D129-3954-4207-883F-467FF2D21823}"
EndProject
Global
	GlobalSection(SolutionConfigurationPlatforms) = preSolution
		Debug|Any CPU = Debug|Any CPU
		Release|Any CPU = Release|Any CPU
	EndGlobalSection
	GlobalSection(ProjectConfigurationPlatforms) = postSolution
		{3E0AF5E3-45B0-4867-8B42-2CCE476303D7}.Debug|Any CPU.ActiveCfg = Debug|Any CPU
		{3E0AF5E3-45B0-4867-8B42-2CCE476303D7}.Debug|Any CPU.Build.0 = Debug|Any CPU
		{3E0AF5E3-45B0-4867-8B42-2CCE476303D7}.Release|Any CPU.ActiveCfg = Release|Any CPU
		{3E0AF5E3-45B0-4867-8B42-2CCE476303D7}.Release|Any CPU.Build.0 = Release|Any CPU
		{3BD09CAF-E149-4803-9B37-822FFFCE075E}.Debug|Any CPU.ActiveCfg = Debug|Any CPU
		{3BD09CAF-E149-4803-9B37-822FFFCE075E}.Debug|Any CPU.Build.0 = Debug|Any CPU
		{3BD09CAF-E149-4803-9B37-822FFFCE075E}.Release|Any CPU.ActiveCfg = Release|Any CPU
		{3BD09CAF-E149-4803-9B37-822FFFCE075E}.Release|Any CPU.Build.0 = Release|Any CPU
		{C2ADD290-7F8F-443A-82BA-351D6EB63A6C}.Debug|Any CPU.ActiveCfg = Debug|Any CPU
		{C2ADD290-7F8F-443A-82BA-351D6EB63A6C}.Debug|Any CPU.Build.0 = Debug|Any CPU
		{C2ADD290-7F8F-443A-82BA-351D6EB63A6C}.Release|Any CPU.ActiveCfg = Release|Any CPU
		{C2ADD290-7F8F-443A-82BA-351D6EB63A6C}.Release|Any CPU.Build.0 = Release|Any CPU
		{E8A2D129-3954-4207-883F-467FF2D21823}.Debug|Any CPU.ActiveCfg = Debug|Any CPU
		{E8A2D129-3954-4207-883F-467FF2D21823}.Debug|Any CPU.Build.0 = Debug|Any CPU
		{E8A2D129-3954-4207-883F-467FF2D21823}.Release|Any CPU.ActiveCfg = Release|Any CPU
		{E8A2D129-3954-4207-883F-467FF2D21823}.Release|Any CPU.Build.0 = Release|Any CPU
	EndGlobalSection
	GlobalSection(SolutionProperties) = preSolution
		HideSolutionNode = FALSE
	EndGlobalSection
	GlobalSection(ExtensibilityGlobals) = postSolution
		SolutionGuid = {54BD2883-B0FA-4767-BEAA-4C138CDC115B}
	EndGlobalSection
EndGlobal
