
Microsoft Visual Studio Solution File, Format Version 12.00
# Visual Studio Version 16
VisualStudioVersion = 16.0.31019.35
MinimumVisualStudioVersion = 10.0.40219.1
Project("{9A19103F-16F7-4668-BE54-9A1E7A4F7556}") = "week06", "week06\week06.csproj", "{5C43F236-79EB-4DBE-9203-16FB898CCB6E}"
EndProject
Project("{FAE04EC0-301F-11D3-BF4B-00C04F79EFBC}") = "week06Tests1", "week06Tests1\week06Tests1.csproj", "{6CB855E8-E459-48A6-8A4F-442827BA9EA2}"
EndProject
Global
	GlobalSection(SolutionConfigurationPlatforms) = preSolution
		Debug|Any CPU = Debug|Any CPU
		Release|Any CPU = Release|Any CPU
	EndGlobalSection
	GlobalSection(ProjectConfigurationPlatforms) = postSolution
		{5C43F236-79EB-4DBE-9203-16FB898CCB6E}.Debug|Any CPU.ActiveCfg = Debug|Any CPU
		{5C43F236-79EB-4DBE-9203-16FB898CCB6E}.Debug|Any CPU.Build.0 = Debug|Any CPU
		{5C43F236-79EB-4DBE-9203-16FB898CCB6E}.Release|Any CPU.ActiveCfg = Release|Any CPU
		{5C43F236-79EB-4DBE-9203-16FB898CCB6E}.Release|Any CPU.Build.0 = Release|Any CPU
		{6CB855E8-E459-48A6-8A4F-442827BA9EA2}.Debug|Any CPU.ActiveCfg = Debug|Any CPU
		{6CB855E8-E459-48A6-8A4F-442827BA9EA2}.Debug|Any CPU.Build.0 = Debug|Any CPU
		{6CB855E8-E459-48A6-8A4F-442827BA9EA2}.Release|Any CPU.ActiveCfg = Release|Any CPU
		{6CB855E8-E459-48A6-8A4F-442827BA9EA2}.Release|Any CPU.Build.0 = Release|Any CPU
	EndGlobalSection
	GlobalSection(SolutionProperties) = preSolution
		HideSolutionNode = FALSE
	EndGlobalSection
	GlobalSection(ExtensibilityGlobals) = postSolution
		SolutionGuid = {55E5D13E-F78E-464B-9AE4-CAC651B3E5B8}
	EndGlobalSection
EndGlobal
